Microsoft Visual Studio Solution File, Format Version 11.00
# Visual Studio 2008

Project("{E75EE7A4-F766-B6E8-7642-3BA569FB889A}") = "Cse3541Lab3", "Assembly-CSharp.csproj", "{5A8755BC-FEED-228C-CE82-613FDADD31F7}"
EndProject
Global
	GlobalSection(SolutionConfigurationPlatforms) = preSolution
		Debug|Any CPU = Debug|Any CPU
		Release|Any CPU = Release|Any CPU
	EndGlobalSection
	GlobalSection(ProjectConfigurationPlatforms) = postSolution
		{5A8755BC-FEED-228C-CE82-613FDADD31F7}.Debug|Any CPU.ActiveCfg = Debug|Any CPU
		{5A8755BC-FEED-228C-CE82-613FDADD31F7}.Debug|Any CPU.Build.0 = Debug|Any CPU
		{5A8755BC-FEED-228C-CE82-613FDADD31F7}.Release|Any CPU.ActiveCfg = Release|Any CPU
		{5A8755BC-FEED-228C-CE82-613FDADD31F7}.Release|Any CPU.Build.0 = Release|Any CPU
	EndGlobalSection
	GlobalSection(SolutionProperties) = preSolution
		HideSolutionNode = FALSE
	EndGlobalSection
	GlobalSection(MonoDevelopProperties) = preSolution
		StartupItem = Assembly-CSharp.csproj
	EndGlobalSection
EndGlobal
